
Microsoft Visual Studio Solution File, Format Version 12.00
# Visual Studio Version 17
VisualStudioVersion = 17.5.33530.505
MinimumVisualStudioVersion = 10.0.40219.1
Project("{9A19103F-16F7-4668-BE54-9A1E7A4F7556}") = "ConsoleApp3", "..\..\source\repos\ConsoleApp3\ConsoleApp3\ConsoleApp3.csproj", "{B1883B55-3090-45BD-9111-5F680F7C77BE}"
EndProject
Global
	GlobalSection(SolutionConfigurationPlatforms) = preSolution
		Debug|Any CPU = Debug|Any CPU
		Release|Any CPU = Release|Any CPU
	EndGlobalSection
	GlobalSection(ProjectConfigurationPlatforms) = postSolution
		{B1883B55-3090-45BD-9111-5F680F7C77BE}.Debug|Any CPU.ActiveCfg = Debug|Any CPU
		{B1883B55-3090-45BD-9111-5F680F7C77BE}.Debug|Any CPU.Build.0 = Debug|Any CPU
		{B1883B55-3090-45BD-9111-5F680F7C77BE}.Release|Any CPU.ActiveCfg = Release|Any CPU
		{B1883B55-3090-45BD-9111-5F680F7C77BE}.Release|Any CPU.Build.0 = Release|Any CPU
	EndGlobalSection
	GlobalSection(SolutionProperties) = preSolution
		HideSolutionNode = FALSE
	EndGlobalSection
	GlobalSection(ExtensibilityGlobals) = postSolution
		SolutionGuid = {E6137EF3-1E89-4275-B9BB-1A96A78B7021}
	EndGlobalSection
EndGlobal
